
Microsoft Visual Studio Solution File, Format Version 11.00
# Visual Studio 2010
Project("{2857B73E-F847-4B02-9238-064979017E93}") = "Squish2", "Squish2\Squish2.cproj", "{B9EDFED1-366E-4B0B-9C8A-32AE76B7F402}"
EndProject
Project("{2857B73E-F847-4B02-9238-064979017E93}") = "SquishTest", "SquishTest\SquishTest.cproj", "{BCEC4528-6397-4293-B1F0-AC23F03D144F}"
EndProject
Project("{2857B73E-F847-4B02-9238-064979017E93}") = "SquishPng", "SquishPng\SquishPng.cproj", "{F97AE78C-A8BA-4464-A605-BD549D4F377D}"
EndProject
Project("{2857B73E-F847-4B02-9238-064979017E93}") = "SquishGen", "SquishGen\SquishGen.cproj", "{1F27A45E-02F3-45DC-B5F0-7D9D72212C69}"
EndProject
Global
	GlobalSection(SolutionConfigurationPlatforms) = preSolution
		Debug|Mixed Platforms = Debug|Mixed Platforms
		Debug|Win32 = Debug|Win32
		Debug|x86 = Debug|x86
		Release|Mixed Platforms = Release|Mixed Platforms
		Release|Win32 = Release|Win32
		Release|x86 = Release|x86
	EndGlobalSection
	GlobalSection(ProjectConfigurationPlatforms) = postSolution
		{1F27A45E-02F3-45DC-B5F0-7D9D72212C69}.Debug|Mixed Platforms.ActiveCfg = Debug|Any CPU
		{1F27A45E-02F3-45DC-B5F0-7D9D72212C69}.Debug|Mixed Platforms.Build.0 = Debug|Any CPU
		{1F27A45E-02F3-45DC-B5F0-7D9D72212C69}.Debug|Win32.ActiveCfg = Debug|Any CPU
		{1F27A45E-02F3-45DC-B5F0-7D9D72212C69}.Debug|Win32.Build.0 = Debug|Any CPU
		{1F27A45E-02F3-45DC-B5F0-7D9D72212C69}.Debug|x86.ActiveCfg = Debug|Any CPU
		{1F27A45E-02F3-45DC-B5F0-7D9D72212C69}.Debug|x86.Build.0 = Debug|Any CPU
		{1F27A45E-02F3-45DC-B5F0-7D9D72212C69}.Release|Mixed Platforms.ActiveCfg = Release|Any CPU
		{1F27A45E-02F3-45DC-B5F0-7D9D72212C69}.Release|Mixed Platforms.Build.0 = Release|Any CPU
		{1F27A45E-02F3-45DC-B5F0-7D9D72212C69}.Release|Win32.ActiveCfg = Release|Any CPU
		{1F27A45E-02F3-45DC-B5F0-7D9D72212C69}.Release|Win32.Build.0 = Release|Any CPU
		{1F27A45E-02F3-45DC-B5F0-7D9D72212C69}.Release|x86.ActiveCfg = Release|Any CPU
		{1F27A45E-02F3-45DC-B5F0-7D9D72212C69}.Release|x86.Build.0 = Release|Any CPU
		{B9EDFED1-366E-4B0B-9C8A-32AE76B7F402}.Debug|Mixed Platforms.ActiveCfg = Debug|Any CPU
		{B9EDFED1-366E-4B0B-9C8A-32AE76B7F402}.Debug|Mixed Platforms.Build.0 = Debug|Any CPU
		{B9EDFED1-366E-4B0B-9C8A-32AE76B7F402}.Debug|Win32.ActiveCfg = Debug|Any CPU
		{B9EDFED1-366E-4B0B-9C8A-32AE76B7F402}.Debug|Win32.Build.0 = Debug|Any CPU
		{B9EDFED1-366E-4B0B-9C8A-32AE76B7F402}.Debug|x86.ActiveCfg = Debug|Any CPU
		{B9EDFED1-366E-4B0B-9C8A-32AE76B7F402}.Debug|x86.Build.0 = Debug|Any CPU
		{B9EDFED1-366E-4B0B-9C8A-32AE76B7F402}.Release|Mixed Platforms.ActiveCfg = Release|Any CPU
		{B9EDFED1-366E-4B0B-9C8A-32AE76B7F402}.Release|Mixed Platforms.Build.0 = Release|Any CPU
		{B9EDFED1-366E-4B0B-9C8A-32AE76B7F402}.Release|Win32.ActiveCfg = Release|Any CPU
		{B9EDFED1-366E-4B0B-9C8A-32AE76B7F402}.Release|Win32.Build.0 = Release|Any CPU
		{B9EDFED1-366E-4B0B-9C8A-32AE76B7F402}.Release|x86.ActiveCfg = Release|Any CPU
		{B9EDFED1-366E-4B0B-9C8A-32AE76B7F402}.Release|x86.Build.0 = Release|Any CPU
		{BCEC4528-6397-4293-B1F0-AC23F03D144F}.Debug|Mixed Platforms.ActiveCfg = Debug|Any CPU
		{BCEC4528-6397-4293-B1F0-AC23F03D144F}.Debug|Mixed Platforms.Build.0 = Debug|Any CPU
		{BCEC4528-6397-4293-B1F0-AC23F03D144F}.Debug|Win32.ActiveCfg = Debug|Any CPU
		{BCEC4528-6397-4293-B1F0-AC23F03D144F}.Debug|Win32.Build.0 = Debug|Any CPU
		{BCEC4528-6397-4293-B1F0-AC23F03D144F}.Debug|x86.ActiveCfg = Debug|Any CPU
		{BCEC4528-6397-4293-B1F0-AC23F03D144F}.Debug|x86.Build.0 = Debug|Any CPU
		{BCEC4528-6397-4293-B1F0-AC23F03D144F}.Release|Mixed Platforms.ActiveCfg = Release|Any CPU
		{BCEC4528-6397-4293-B1F0-AC23F03D144F}.Release|Mixed Platforms.Build.0 = Release|Any CPU
		{BCEC4528-6397-4293-B1F0-AC23F03D144F}.Release|Win32.ActiveCfg = Release|Any CPU
		{BCEC4528-6397-4293-B1F0-AC23F03D144F}.Release|Win32.Build.0 = Release|Any CPU
		{BCEC4528-6397-4293-B1F0-AC23F03D144F}.Release|x86.ActiveCfg = Release|Any CPU
		{BCEC4528-6397-4293-B1F0-AC23F03D144F}.Release|x86.Build.0 = Release|Any CPU
		{F97AE78C-A8BA-4464-A605-BD549D4F377D}.Debug|Mixed Platforms.ActiveCfg = Debug|Any CPU
		{F97AE78C-A8BA-4464-A605-BD549D4F377D}.Debug|Mixed Platforms.Build.0 = Debug|Any CPU
		{F97AE78C-A8BA-4464-A605-BD549D4F377D}.Debug|Win32.ActiveCfg = Debug|Any CPU
		{F97AE78C-A8BA-4464-A605-BD549D4F377D}.Debug|Win32.Build.0 = Debug|Any CPU
		{F97AE78C-A8BA-4464-A605-BD549D4F377D}.Debug|x86.ActiveCfg = Debug|Any CPU
		{F97AE78C-A8BA-4464-A605-BD549D4F377D}.Debug|x86.Build.0 = Debug|Any CPU
		{F97AE78C-A8BA-4464-A605-BD549D4F377D}.Release|Mixed Platforms.ActiveCfg = Release|Any CPU
		{F97AE78C-A8BA-4464-A605-BD549D4F377D}.Release|Mixed Platforms.Build.0 = Release|Any CPU
		{F97AE78C-A8BA-4464-A605-BD549D4F377D}.Release|Win32.ActiveCfg = Release|Any CPU
		{F97AE78C-A8BA-4464-A605-BD549D4F377D}.Release|Win32.Build.0 = Release|Any CPU
		{F97AE78C-A8BA-4464-A605-BD549D4F377D}.Release|x86.ActiveCfg = Release|Any CPU
		{F97AE78C-A8BA-4464-A605-BD549D4F377D}.Release|x86.Build.0 = Release|Any CPU
		{4432473A-11F8-42D4-AEBE-CC6C27E6CFE0}.Debug|Mixed Platforms.ActiveCfg = Debug|x86
		{4432473A-11F8-42D4-AEBE-CC6C27E6CFE0}.Debug|Mixed Platforms.Build.0 = Debug|x86
		{4432473A-11F8-42D4-AEBE-CC6C27E6CFE0}.Debug|Win32.ActiveCfg = Debug|x86
		{4432473A-11F8-42D4-AEBE-CC6C27E6CFE0}.Debug|x86.ActiveCfg = Debug|x86
		{4432473A-11F8-42D4-AEBE-CC6C27E6CFE0}.Debug|x86.Build.0 = Debug|x86
		{4432473A-11F8-42D4-AEBE-CC6C27E6CFE0}.Release|Mixed Platforms.ActiveCfg = Release|x86
		{4432473A-11F8-42D4-AEBE-CC6C27E6CFE0}.Release|Mixed Platforms.Build.0 = Release|x86
		{4432473A-11F8-42D4-AEBE-CC6C27E6CFE0}.Release|Win32.ActiveCfg = Release|x86
		{4432473A-11F8-42D4-AEBE-CC6C27E6CFE0}.Release|x86.ActiveCfg = Release|x86
		{4432473A-11F8-42D4-AEBE-CC6C27E6CFE0}.Release|x86.Build.0 = Release|x86
		{9354D0A6-0F55-4592-8F50-2115AFA61647}.Debug|Mixed Platforms.ActiveCfg = Debug|x86
		{9354D0A6-0F55-4592-8F50-2115AFA61647}.Debug|Mixed Platforms.Build.0 = Debug|x86
		{9354D0A6-0F55-4592-8F50-2115AFA61647}.Debug|Win32.ActiveCfg = Debug|x86
		{9354D0A6-0F55-4592-8F50-2115AFA61647}.Debug|x86.ActiveCfg = Debug|x86
		{9354D0A6-0F55-4592-8F50-2115AFA61647}.Debug|x86.Build.0 = Debug|x86
		{9354D0A6-0F55-4592-8F50-2115AFA61647}.Release|Mixed Platforms.ActiveCfg = Release|x86
		{9354D0A6-0F55-4592-8F50-2115AFA61647}.Release|Mixed Platforms.Build.0 = Release|x86
		{9354D0A6-0F55-4592-8F50-2115AFA61647}.Release|Win32.ActiveCfg = Release|x86
		{9354D0A6-0F55-4592-8F50-2115AFA61647}.Release|x86.ActiveCfg = Release|x86
		{9354D0A6-0F55-4592-8F50-2115AFA61647}.Release|x86.Build.0 = Release|x86
	EndGlobalSection
	GlobalSection(MonoDevelopProperties) = preSolution
		StartupItem = Squish2\Squish2.cproj
		description = Shared library version of Simon Brown's DXT compression library.
		version = 2.0
	EndGlobalSection
	GlobalSection(SolutionProperties) = preSolution
		HideSolutionNode = FALSE
	EndGlobalSection
EndGlobal
